
Microsoft Visual Studio Solution File, Format Version 12.00
# Visual Studio Version 17
VisualStudioVersion = 17.3.32922.545
MinimumVisualStudioVersion = 10.0.40219.1
Project("{9A19103F-16F7-4668-BE54-9A1E7A4F7556}") = "FishingApp.Web", "FishingApp.Web\FishingApp.Web.csproj", "{26209A54-94F8-4034-B9C9-19FF60D9B683}"
EndProject
Project("{9A19103F-16F7-4668-BE54-9A1E7A4F7556}") = "FishingApp.Entity", "FishingApp.Entity\FishingApp.Entity.csproj", "{5DFA19E6-FE9F-4BBE-B5AF-B692023A9590}"
EndProject
Project("{9A19103F-16F7-4668-BE54-9A1E7A4F7556}") = "FishingApp.DataAccess", "FishingApp.DataAccess\FishingApp.DataAccess.csproj", "{65940EA6-8731-4913-8C12-712064230DB8}"
EndProject
Project("{9A19103F-16F7-4668-BE54-9A1E7A4F7556}") = "FishingApp.Business", "FishingApp.Business\FishingApp.Business.csproj", "{EAECA10D-6F8E-41B9-9847-89A36EBB5764}"
EndProject
Project("{9A19103F-16F7-4668-BE54-9A1E7A4F7556}") = "FishingApp.Core", "FishingApp.Core\FishingApp.Core.csproj", "{17871B50-E89E-41FF-8E54-0C52C416459A}"
EndProject
Global
	GlobalSection(SolutionConfigurationPlatforms) = preSolution
		Debug|Any CPU = Debug|Any CPU
		Release|Any CPU = Release|Any CPU
	EndGlobalSection
	GlobalSection(ProjectConfigurationPlatforms) = postSolution
		{26209A54-94F8-4034-B9C9-19FF60D9B683}.Debug|Any CPU.ActiveCfg = Debug|Any CPU
		{26209A54-94F8-4034-B9C9-19FF60D9B683}.Debug|Any CPU.Build.0 = Debug|Any CPU
		{26209A54-94F8-4034-B9C9-19FF60D9B683}.Release|Any CPU.ActiveCfg = Release|Any CPU
		{26209A54-94F8-4034-B9C9-19FF60D9B683}.Release|Any CPU.Build.0 = Release|Any CPU
		{5DFA19E6-FE9F-4BBE-B5AF-B692023A9590}.Debug|Any CPU.ActiveCfg = Debug|Any CPU
		{5DFA19E6-FE9F-4BBE-B5AF-B692023A9590}.Debug|Any CPU.Build.0 = Debug|Any CPU
		{5DFA19E6-FE9F-4BBE-B5AF-B692023A9590}.Release|Any CPU.ActiveCfg = Release|Any CPU
		{5DFA19E6-FE9F-4BBE-B5AF-B692023A9590}.Release|Any CPU.Build.0 = Release|Any CPU
		{65940EA6-8731-4913-8C12-712064230DB8}.Debug|Any CPU.ActiveCfg = Debug|Any CPU
		{65940EA6-8731-4913-8C12-712064230DB8}.Debug|Any CPU.Build.0 = Debug|Any CPU
		{65940EA6-8731-4913-8C12-712064230DB8}.Release|Any CPU.ActiveCfg = Release|Any CPU
		{65940EA6-8731-4913-8C12-712064230DB8}.Release|Any CPU.Build.0 = Release|Any CPU
		{EAECA10D-6F8E-41B9-9847-89A36EBB5764}.Debug|Any CPU.ActiveCfg = Debug|Any CPU
		{EAECA10D-6F8E-41B9-9847-89A36EBB5764}.Debug|Any CPU.Build.0 = Debug|Any CPU
		{EAECA10D-6F8E-41B9-9847-89A36EBB5764}.Release|Any CPU.ActiveCfg = Release|Any CPU
		{EAECA10D-6F8E-41B9-9847-89A36EBB5764}.Release|Any CPU.Build.0 = Release|Any CPU
		{17871B50-E89E-41FF-8E54-0C52C416459A}.Debug|Any CPU.ActiveCfg = Debug|Any CPU
		{17871B50-E89E-41FF-8E54-0C52C416459A}.Debug|Any CPU.Build.0 = Debug|Any CPU
		{17871B50-E89E-41FF-8E54-0C52C416459A}.Release|Any CPU.ActiveCfg = Release|Any CPU
		{17871B50-E89E-41FF-8E54-0C52C416459A}.Release|Any CPU.Build.0 = Release|Any CPU
	EndGlobalSection
	GlobalSection(SolutionProperties) = preSolution
		HideSolutionNode = FALSE
	EndGlobalSection
	GlobalSection(ExtensibilityGlobals) = postSolution
		SolutionGuid = {FE238C33-6489-4080-A302-A9108DCD33F0}
	EndGlobalSection
EndGlobal
